// !$*UTF8*$!
{
	archiveVersion = 1;
	classes = {
	};
	objectVersion = 55;
	objects = {

/* Begin PBXBuildFile section */
		39093FA127229C2C004E62F7 /* ContentScrollViews.swift in Sources */ = {isa = PBXBuildFile; fileRef = 39093FA027229C2C004E62F7 /* ContentScrollViews.swift */; };
		3956949E272305D0009EF6F2 /* ModelContainer.swift in Sources */ = {isa = PBXBuildFile; fileRef = 3956949D272305D0009EF6F2 /* ModelContainer.swift */; };
		395694A02723BD15009EF6F2 /* A2SettingView.swift in Sources */ = {isa = PBXBuildFile; fileRef = 3956949F2723BD15009EF6F2 /* A2SettingView.swift */; };
		395694A32723BFBC009EF6F2 /* FolderSelectorView.swift in Sources */ = {isa = PBXBuildFile; fileRef = 395694A22723BFBC009EF6F2 /* FolderSelectorView.swift */; };
		39994D99272255BC00593E5F /* UDown_HelperApp.swift in Sources */ = {isa = PBXBuildFile; fileRef = 39994D98272255BC00593E5F /* UDown_HelperApp.swift */; };
		39994D9B272255BC00593E5F /* ContentView.swift in Sources */ = {isa = PBXBuildFile; fileRef = 39994D9A272255BC00593E5F /* ContentView.swift */; };
		39994D9D272255BF00593E5F /* Assets.xcassets in Resources */ = {isa = PBXBuildFile; fileRef = 39994D9C272255BF00593E5F /* Assets.xcassets */; };
		39994DA0272255BF00593E5F /* Preview Assets.xcassets in Resources */ = {isa = PBXBuildFile; fileRef = 39994D9F272255BF00593E5F /* Preview Assets.xcassets */; };
		39994DA82722852000593E5F /* ProcessHelper.swift in Sources */ = {isa = PBXBuildFile; fileRef = 39994DA72722852000593E5F /* ProcessHelper.swift */; };
		39C8B97E2726778500A396D7 /* BuyCoffeeView.swift in Sources */ = {isa = PBXBuildFile; fileRef = 39C8B97D2726778500A396D7 /* BuyCoffeeView.swift */; };
		39C8B9822726B69800A396D7 /* MenuView.swift in Sources */ = {isa = PBXBuildFile; fileRef = 39C8B9812726B69800A396D7 /* MenuView.swift */; };
		39C8B9842726C48200A396D7 /* URLInquiryView.swift in Sources */ = {isa = PBXBuildFile; fileRef = 39C8B9832726C48100A396D7 /* URLInquiryView.swift */; };
		39C8B9862726EA3F00A396D7 /* HelpView.swift in Sources */ = {isa = PBXBuildFile; fileRef = 39C8B9852726EA3E00A396D7 /* HelpView.swift */; };
		39C8B9892727906A00A396D7 /* InfoPlist.strings in Resources */ = {isa = PBXBuildFile; fileRef = 39C8B98B2727906A00A396D7 /* InfoPlist.strings */; };
		39C8B996272794C800A396D7 /* StaticVariables.swift in Sources */ = {isa = PBXBuildFile; fileRef = 39C8B995272794C800A396D7 /* StaticVariables.swift */; };
		39C8B9BB27279BA000A396D7 /* Localizable.strings in Resources */ = {isa = PBXBuildFile; fileRef = 39C8B9BD27279BA000A396D7 /* Localizable.strings */; };
/* End PBXBuildFile section */

/* Begin PBXFileReference section */
		39093FA027229C2C004E62F7 /* ContentScrollViews.swift */ = {isa = PBXFileReference; lastKnownFileType = sourcecode.swift; path = ContentScrollViews.swift; sourceTree = "<group>"; };
		3956949D272305D0009EF6F2 /* ModelContainer.swift */ = {isa = PBXFileReference; lastKnownFileType = sourcecode.swift; path = ModelContainer.swift; sourceTree = "<group>"; };
		3956949F2723BD15009EF6F2 /* A2SettingView.swift */ = {isa = PBXFileReference; lastKnownFileType = sourcecode.swift; path = A2SettingView.swift; sourceTree = "<group>"; };
		395694A22723BFBC009EF6F2 /* FolderSelectorView.swift */ = {isa = PBXFileReference; lastKnownFileType = sourcecode.swift; path = FolderSelectorView.swift; sourceTree = "<group>"; };
		39994D95272255BC00593E5F /* UDown Helper.app */ = {isa = PBXFileReference; explicitFileType = wrapper.application; includeInIndex = 0; path = "UDown Helper.app"; sourceTree = BUILT_PRODUCTS_DIR; };
		39994D98272255BC00593E5F /* UDown_HelperApp.swift */ = {isa = PBXFileReference; lastKnownFileType = sourcecode.swift; path = UDown_HelperApp.swift; sourceTree = "<group>"; };
		39994D9A272255BC00593E5F /* ContentView.swift */ = {isa = PBXFileReference; lastKnownFileType = sourcecode.swift; path = ContentView.swift; sourceTree = "<group>"; };
		39994D9C272255BF00593E5F /* Assets.xcassets */ = {isa = PBXFileReference; lastKnownFileType = folder.assetcatalog; path = Assets.xcassets; sourceTree = "<group>"; };
		39994D9F272255BF00593E5F /* Preview Assets.xcassets */ = {isa = PBXFileReference; lastKnownFileType = folder.assetcatalog; path = "Preview Assets.xcassets"; sourceTree = "<group>"; };
		39994DA1272255BF00593E5F /* UDown_Helper.entitlements */ = {isa = PBXFileReference; lastKnownFileType = text.plist.entitlements; path = UDown_Helper.entitlements; sourceTree = "<group>"; };
		39994DA72722852000593E5F /* ProcessHelper.swift */ = {isa = PBXFileReference; lastKnownFileType = sourcecode.swift; path = ProcessHelper.swift; sourceTree = "<group>"; };
		39C8B97D2726778500A396D7 /* BuyCoffeeView.swift */ = {isa = PBXFileReference; lastKnownFileType = sourcecode.swift; path = BuyCoffeeView.swift; sourceTree = "<group>"; };
		39C8B97F27267B5000A396D7 /* UDown-Helper-Info.plist */ = {isa = PBXFileReference; lastKnownFileType = text.plist.xml; path = "UDown-Helper-Info.plist"; sourceTree = SOURCE_ROOT; };
		39C8B9812726B69800A396D7 /* MenuView.swift */ = {isa = PBXFileReference; lastKnownFileType = sourcecode.swift; path = MenuView.swift; sourceTree = "<group>"; };
		39C8B9832726C48100A396D7 /* URLInquiryView.swift */ = {isa = PBXFileReference; lastKnownFileType = sourcecode.swift; path = URLInquiryView.swift; sourceTree = "<group>"; };
		39C8B9852726EA3E00A396D7 /* HelpView.swift */ = {isa = PBXFileReference; lastKnownFileType = sourcecode.swift; path = HelpView.swift; sourceTree = "<group>"; };
		39C8B98A2727906A00A396D7 /* zh-Hans */ = {isa = PBXFileReference; lastKnownFileType = text.plist.strings; name = "zh-Hans"; path = "zh-Hans.lproj/InfoPlist.strings"; sourceTree = "<group>"; };
		39C8B98C2727908000A396D7 /* en */ = {isa = PBXFileReference; lastKnownFileType = text.plist.strings; name = en; path = en.lproj/InfoPlist.strings; sourceTree = "<group>"; };
		39C8B995272794C800A396D7 /* StaticVariables.swift */ = {isa = PBXFileReference; lastKnownFileType = sourcecode.swift; path = StaticVariables.swift; sourceTree = "<group>"; };
		39C8B9BE27279BA100A396D7 /* zh-Hans */ = {isa = PBXFileReference; lastKnownFileType = text.plist.strings; name = "zh-Hans"; path = "zh-Hans.lproj/Localizable.strings"; sourceTree = "<group>"; };
/* End PBXFileReference section */

/* Begin PBXFrameworksBuildPhase section */
		39994D92272255BC00593E5F /* Frameworks */ = {
			isa = PBXFrameworksBuildPhase;
			buildActionMask = 2147483647;
			files = (
			);
			runOnlyForDeploymentPostprocessing = 0;
		};
/* End PBXFrameworksBuildPhase section */

/* Begin PBXGroup section */
		395694A12723BF85009EF6F2 /* ChildViews */ = {
			isa = PBXGroup;
			children = (
				39C8B97D2726778500A396D7 /* BuyCoffeeView.swift */,
				39C8B9852726EA3E00A396D7 /* HelpView.swift */,
				39C8B9832726C48100A396D7 /* URLInquiryView.swift */,
				395694A22723BFBC009EF6F2 /* FolderSelectorView.swift */,
				39093FA027229C2C004E62F7 /* ContentScrollViews.swift */,
				3956949F2723BD15009EF6F2 /* A2SettingView.swift */,
				39C8B9802726B68900A396D7 /* Menu */,
			);
			path = ChildViews;
			sourceTree = "<group>";
		};
		39994D8C272255BC00593E5F = {
			isa = PBXGroup;
			children = (
				39C8B97F27267B5000A396D7 /* UDown-Helper-Info.plist */,
				39994D97272255BC00593E5F /* UDown Helper */,
				39994D96272255BC00593E5F /* Products */,
			);
			sourceTree = "<group>";
		};
		39994D96272255BC00593E5F /* Products */ = {
			isa = PBXGroup;
			children = (
				39994D95272255BC00593E5F /* UDown Helper.app */,
			);
			name = Products;
			sourceTree = "<group>";
		};
		39994D97272255BC00593E5F /* UDown Helper */ = {
			isa = PBXGroup;
			children = (
				39C8B98D2727940700A396D7 /* Misc */,
				3956949D272305D0009EF6F2 /* ModelContainer.swift */,
				39994D98272255BC00593E5F /* UDown_HelperApp.swift */,
				39C8B995272794C800A396D7 /* StaticVariables.swift */,
				39994D9A272255BC00593E5F /* ContentView.swift */,
				39C8B9BD27279BA000A396D7 /* Localizable.strings */,
				39994DA72722852000593E5F /* ProcessHelper.swift */,
				395694A12723BF85009EF6F2 /* ChildViews */,
				39994D9C272255BF00593E5F /* Assets.xcassets */,
				39994DA1272255BF00593E5F /* UDown_Helper.entitlements */,
				39994D9E272255BF00593E5F /* Preview Content */,
			);
			path = "UDown Helper";
			sourceTree = "<group>";
		};
		39994D9E272255BF00593E5F /* Preview Content */ = {
			isa = PBXGroup;
			children = (
				39994D9F272255BF00593E5F /* Preview Assets.xcassets */,
			);
			path = "Preview Content";
			sourceTree = "<group>";
		};
		39C8B9802726B68900A396D7 /* Menu */ = {
			isa = PBXGroup;
			children = (
				39C8B9812726B69800A396D7 /* MenuView.swift */,
			);
			path = Menu;
			sourceTree = "<group>";
		};
		39C8B98D2727940700A396D7 /* Misc */ = {
			isa = PBXGroup;
			children = (
				39C8B98E2727941000A396D7 /* Localize */,
			);
			path = Misc;
			sourceTree = "<group>";
		};
		39C8B98E2727941000A396D7 /* Localize */ = {
			isa = PBXGroup;
			children = (
				39C8B98B2727906A00A396D7 /* InfoPlist.strings */,
			);
			path = Localize;
			sourceTree = "<group>";
		};
/* End PBXGroup section */

/* Begin PBXNativeTarget section */
		39994D94272255BC00593E5F /* UDown Helper */ = {
			isa = PBXNativeTarget;
			buildConfigurationList = 39994DA4272255BF00593E5F /* Build configuration list for PBXNativeTarget "UDown Helper" */;
			buildPhases = (
				39994D91272255BC00593E5F /* Sources */,
				39994D92272255BC00593E5F /* Frameworks */,
				39994D93272255BC00593E5F /* Resources */,
			);
			buildRules = (
			);
			dependencies = (
			);
			name = "UDown Helper";
			productName = "UDown Helper";
			productReference = 39994D95272255BC00593E5F /* UDown Helper.app */;
			productType = "com.apple.product-type.application";
		};
/* End PBXNativeTarget section */

/* Begin PBXProject section */
		39994D8D272255BC00593E5F /* Project object */ = {
			isa = PBXProject;
			attributes = {
				BuildIndependentTargetsInParallel = 1;
				LastSwiftUpdateCheck = 1300;
				LastUpgradeCheck = 1300;
				TargetAttributes = {
					39994D94272255BC00593E5F = {
						CreatedOnToolsVersion = 13.0;
					};
				};
			};
			buildConfigurationList = 39994D90272255BC00593E5F /* Build configuration list for PBXProject "UDown Helper" */;
			compatibilityVersion = "Xcode 13.0";
			developmentRegion = en;
			hasScannedForEncodings = 0;
			knownRegions = (
				en,
				"zh-Hans",
				Base,
			);
			mainGroup = 39994D8C272255BC00593E5F;
			productRefGroup = 39994D96272255BC00593E5F /* Products */;
			projectDirPath = "";
			projectRoot = "";
			targets = (
				39994D94272255BC00593E5F /* UDown Helper */,
			);
		};
/* End PBXProject section */

/* Begin PBXResourcesBuildPhase section */
		39994D93272255BC00593E5F /* Resources */ = {
			isa = PBXResourcesBuildPhase;
			buildActionMask = 2147483647;
			files = (
				39994DA0272255BF00593E5F /* Preview Assets.xcassets in Resources */,
				39C8B9BB27279BA000A396D7 /* Localizable.strings in Resources */,
				39C8B9892727906A00A396D7 /* InfoPlist.strings in Resources */,
				39994D9D272255BF00593E5F /* Assets.xcassets in Resources */,
			);
			runOnlyForDeploymentPostprocessing = 0;
		};
/* End PBXResourcesBuildPhase section */

/* Begin PBXSourcesBuildPhase section */
		39994D91272255BC00593E5F /* Sources */ = {
			isa = PBXSourcesBuildPhase;
			buildActionMask = 2147483647;
			files = (
				395694A32723BFBC009EF6F2 /* FolderSelectorView.swift in Sources */,
				39C8B97E2726778500A396D7 /* BuyCoffeeView.swift in Sources */,
				39093FA127229C2C004E62F7 /* ContentScrollViews.swift in Sources */,
				3956949E272305D0009EF6F2 /* ModelContainer.swift in Sources */,
				39C8B9842726C48200A396D7 /* URLInquiryView.swift in Sources */,
				39C8B9862726EA3F00A396D7 /* HelpView.swift in Sources */,
				39C8B9822726B69800A396D7 /* MenuView.swift in Sources */,
				39994D9B272255BC00593E5F /* ContentView.swift in Sources */,
				39994DA82722852000593E5F /* ProcessHelper.swift in Sources */,
				39C8B996272794C800A396D7 /* StaticVariables.swift in Sources */,
				395694A02723BD15009EF6F2 /* A2SettingView.swift in Sources */,
				39994D99272255BC00593E5F /* UDown_HelperApp.swift in Sources */,
			);
			runOnlyForDeploymentPostprocessing = 0;
		};
/* End PBXSourcesBuildPhase section */

/* Begin PBXVariantGroup section */
		39C8B98B2727906A00A396D7 /* InfoPlist.strings */ = {
			isa = PBXVariantGroup;
			children = (
				39C8B98A2727906A00A396D7 /* zh-Hans */,
				39C8B98C2727908000A396D7 /* en */,
			);
			name = InfoPlist.strings;
			sourceTree = "<group>";
		};
		39C8B9BD27279BA000A396D7 /* Localizable.strings */ = {
			isa = PBXVariantGroup;
			children = (
				39C8B9BE27279BA100A396D7 /* zh-Hans */,
			);
			name = Localizable.strings;
			sourceTree = "<group>";
		};
/* End PBXVariantGroup section */

/* Begin XCBuildConfiguration section */
		39994DA2272255BF00593E5F /* Debug */ = {
			isa = XCBuildConfiguration;
			buildSettings = {
				ALWAYS_SEARCH_USER_PATHS = NO;
				CLANG_ANALYZER_NONNULL = YES;
				CLANG_ANALYZER_NUMBER_OBJECT_CONVERSION = YES_AGGRESSIVE;
				CLANG_CXX_LANGUAGE_STANDARD = "gnu++17";
				CLANG_CXX_LIBRARY = "libc++";
				CLANG_ENABLE_MODULES = YES;
				CLANG_ENABLE_OBJC_ARC = YES;
				CLANG_ENABLE_OBJC_WEAK = YES;
				CLANG_WARN_BLOCK_CAPTURE_AUTORELEASING = YES;
				CLANG_WARN_BOOL_CONVERSION = YES;
				CLANG_WARN_COMMA = YES;
				CLANG_WARN_CONSTANT_CONVERSION = YES;
				CLANG_WARN_DEPRECATED_OBJC_IMPLEMENTATIONS = YES;
				CLANG_WARN_DIRECT_OBJC_ISA_USAGE = YES_ERROR;
				CLANG_WARN_DOCUMENTATION_COMMENTS = YES;
				CLANG_WARN_EMPTY_BODY = YES;
				CLANG_WARN_ENUM_CONVERSION = YES;
				CLANG_WARN_INFINITE_RECURSION = YES;
				CLANG_WARN_INT_CONVERSION = YES;
				CLANG_WARN_NON_LITERAL_NULL_CONVERSION = YES;
				CLANG_WARN_OBJC_IMPLICIT_RETAIN_SELF = YES;
				CLANG_WARN_OBJC_LITERAL_CONVERSION = YES;
				CLANG_WARN_OBJC_ROOT_CLASS = YES_ERROR;
				CLANG_WARN_QUOTED_INCLUDE_IN_FRAMEWORK_HEADER = YES;
				CLANG_WARN_RANGE_LOOP_ANALYSIS = YES;
				CLANG_WARN_STRICT_PROTOTYPES = YES;
				CLANG_WARN_SUSPICIOUS_MOVE = YES;
				CLANG_WARN_UNGUARDED_AVAILABILITY = YES_AGGRESSIVE;
				CLANG_WARN_UNREACHABLE_CODE = YES;
				CLANG_WARN__DUPLICATE_METHOD_MATCH = YES;
				COPY_PHASE_STRIP = NO;
				DEBUG_INFORMATION_FORMAT = dwarf;
				ENABLE_STRICT_OBJC_MSGSEND = YES;
				ENABLE_TESTABILITY = YES;
				GCC_C_LANGUAGE_STANDARD = gnu11;
				GCC_DYNAMIC_NO_PIC = NO;
				GCC_NO_COMMON_BLOCKS = YES;
				GCC_OPTIMIZATION_LEVEL = 0;
				GCC_PREPROCESSOR_DEFINITIONS = (
					"DEBUG=1",
					"$(inherited)",
				);
				GCC_WARN_64_TO_32_BIT_CONVERSION = YES;
				GCC_WARN_ABOUT_RETURN_TYPE = YES_ERROR;
				GCC_WARN_UNDECLARED_SELECTOR = YES;
				GCC_WARN_UNINITIALIZED_AUTOS = YES_AGGRESSIVE;
				GCC_WARN_UNUSED_FUNCTION = YES;
				GCC_WARN_UNUSED_VARIABLE = YES;
				INFOPLIST_KEY_CFBundleDisplayName = "$(PRODUCT_NAME)";
				MACOSX_DEPLOYMENT_TARGET = 11.3;
				MTL_ENABLE_DEBUG_INFO = INCLUDE_SOURCE;
				MTL_FAST_MATH = YES;
				ONLY_ACTIVE_ARCH = YES;
				SDKROOT = macosx;
				SWIFT_ACTIVE_COMPILATION_CONDITIONS = DEBUG;
				SWIFT_OPTIMIZATION_LEVEL = "-Onone";
			};
			name = Debug;
		};
		39994DA3272255BF00593E5F /* Release */ = {
			isa = XCBuildConfiguration;
			buildSettings = {
				ALWAYS_SEARCH_USER_PATHS = NO;
				CLANG_ANALYZER_NONNULL = YES;
				CLANG_ANALYZER_NUMBER_OBJECT_CONVERSION = YES_AGGRESSIVE;
				CLANG_CXX_LANGUAGE_STANDARD = "gnu++17";
				CLANG_CXX_LIBRARY = "libc++";
				CLANG_ENABLE_MODULES = YES;
				CLANG_ENABLE_OBJC_ARC = YES;
				CLANG_ENABLE_OBJC_WEAK = YES;
				CLANG_WARN_BLOCK_CAPTURE_AUTORELEASING = YES;
				CLANG_WARN_BOOL_CONVERSION = YES;
				CLANG_WARN_COMMA = YES;
				CLANG_WARN_CONSTANT_CONVERSION = YES;
				CLANG_WARN_DEPRECATED_OBJC_IMPLEMENTATIONS = YES;
				CLANG_WARN_DIRECT_OBJC_ISA_USAGE = YES_ERROR;
				CLANG_WARN_DOCUMENTATION_COMMENTS = YES;
				CLANG_WARN_EMPTY_BODY = YES;
				CLANG_WARN_ENUM_CONVERSION = YES;
				CLANG_WARN_INFINITE_RECURSION = YES;
				CLANG_WARN_INT_CONVERSION = YES;
				CLANG_WARN_NON_LITERAL_NULL_CONVERSION = YES;
				CLANG_WARN_OBJC_IMPLICIT_RETAIN_SELF = YES;
				CLANG_WARN_OBJC_LITERAL_CONVERSION = YES;
				CLANG_WARN_OBJC_ROOT_CLASS = YES_ERROR;
				CLANG_WARN_QUOTED_INCLUDE_IN_FRAMEWORK_HEADER = YES;
				CLANG_WARN_RANGE_LOOP_ANALYSIS = YES;
				CLANG_WARN_STRICT_PROTOTYPES = YES;
				CLANG_WARN_SUSPICIOUS_MOVE = YES;
				CLANG_WARN_UNGUARDED_AVAILABILITY = YES_AGGRESSIVE;
				CLANG_WARN_UNREACHABLE_CODE = YES;
				CLANG_WARN__DUPLICATE_METHOD_MATCH = YES;
				COPY_PHASE_STRIP = NO;
				DEBUG_INFORMATION_FORMAT = "dwarf-with-dsym";
				ENABLE_NS_ASSERTIONS = NO;
				ENABLE_STRICT_OBJC_MSGSEND = YES;
				GCC_C_LANGUAGE_STANDARD = gnu11;
				GCC_NO_COMMON_BLOCKS = YES;
				GCC_WARN_64_TO_32_BIT_CONVERSION = YES;
				GCC_WARN_ABOUT_RETURN_TYPE = YES_ERROR;
				GCC_WARN_UNDECLARED_SELECTOR = YES;
				GCC_WARN_UNINITIALIZED_AUTOS = YES_AGGRESSIVE;
				GCC_WARN_UNUSED_FUNCTION = YES;
				GCC_WARN_UNUSED_VARIABLE = YES;
				INFOPLIST_KEY_CFBundleDisplayName = "$(PRODUCT_NAME)";
				MACOSX_DEPLOYMENT_TARGET = 11.3;
				MTL_ENABLE_DEBUG_INFO = NO;
				MTL_FAST_MATH = YES;
				SDKROOT = macosx;
				SWIFT_COMPILATION_MODE = wholemodule;
				SWIFT_OPTIMIZATION_LEVEL = "-O";
			};
			name = Release;
		};
		39994DA5272255BF00593E5F /* Debug */ = {
			isa = XCBuildConfiguration;
			buildSettings = {
				ASSETCATALOG_COMPILER_APPICON_NAME = AppIcon;
				ASSETCATALOG_COMPILER_GLOBAL_ACCENT_COLOR_NAME = AccentColor;
				CODE_SIGN_ENTITLEMENTS = "UDown Helper/UDown_Helper.entitlements";
				CODE_SIGN_STYLE = Automatic;
				COMBINE_HIDPI_IMAGES = YES;
				CURRENT_PROJECT_VERSION = 1;
				DEVELOPMENT_ASSET_PATHS = "\"UDown Helper/Preview Content\"";
				DEVELOPMENT_TEAM = BR63YT2EJJ;
				ENABLE_HARDENED_RUNTIME = YES;
				ENABLE_PREVIEWS = YES;
				GENERATE_INFOPLIST_FILE = YES;
				INFOPLIST_FILE = "UDown-Helper-Info.plist";
				INFOPLIST_KEY_NSHumanReadableCopyright = "";
				LD_RUNPATH_SEARCH_PATHS = (
					"$(inherited)",
					"@executable_path/../Frameworks",
				);
				MACOSX_DEPLOYMENT_TARGET = 11.0;
				MARKETING_VERSION = 1.0;
				PRODUCT_BUNDLE_IDENTIFIER = "cn.magicdian.UDown-Helper";
				PRODUCT_NAME = "$(TARGET_NAME)";
				SWIFT_EMIT_LOC_STRINGS = YES;
				SWIFT_VERSION = 5.0;
			};
			name = Debug;
		};
		39994DA6272255BF00593E5F /* Release */ = {
			isa = XCBuildConfiguration;
			buildSettings = {
				ASSETCATALOG_COMPILER_APPICON_NAME = AppIcon;
				ASSETCATALOG_COMPILER_GLOBAL_ACCENT_COLOR_NAME = AccentColor;
				CODE_SIGN_ENTITLEMENTS = "UDown Helper/UDown_Helper.entitlements";
				CODE_SIGN_STYLE = Automatic;
				COMBINE_HIDPI_IMAGES = YES;
				CURRENT_PROJECT_VERSION = 1;
				DEVELOPMENT_ASSET_PATHS = "\"UDown Helper/Preview Content\"";
				DEVELOPMENT_TEAM = BR63YT2EJJ;
				ENABLE_HARDENED_RUNTIME = YES;
				ENABLE_PREVIEWS = YES;
				GENERATE_INFOPLIST_FILE = YES;
				INFOPLIST_FILE = "UDown-Helper-Info.plist";
				INFOPLIST_KEY_NSHumanReadableCopyright = "";
				LD_RUNPATH_SEARCH_PATHS = (
					"$(inherited)",
					"@executable_path/../Frameworks",
				);
				MACOSX_DEPLOYMENT_TARGET = 11.0;
				MARKETING_VERSION = 1.0;
				PRODUCT_BUNDLE_IDENTIFIER = "cn.magicdian.UDown-Helper";
				PRODUCT_NAME = "$(TARGET_NAME)";
				SWIFT_EMIT_LOC_STRINGS = YES;
				SWIFT_VERSION = 5.0;
			};
			name = Release;
		};
/* End XCBuildConfiguration section */

/* Begin XCConfigurationList section */
		39994D90272255BC00593E5F /* Build configuration list for PBXProject "UDown Helper" */ = {
			isa = XCConfigurationList;
			buildConfigurations = (
				39994DA2272255BF00593E5F /* Debug */,
				39994DA3272255BF00593E5F /* Release */,
			);
			defaultConfigurationIsVisible = 0;
			defaultConfigurationName = Release;
		};
		39994DA4272255BF00593E5F /* Build configuration list for PBXNativeTarget "UDown Helper" */ = {
			isa = XCConfigurationList;
			buildConfigurations = (
				39994DA5272255BF00593E5F /* Debug */,
				39994DA6272255BF00593E5F /* Release */,
			);
			defaultConfigurationIsVisible = 0;
			defaultConfigurationName = Release;
		};
/* End XCConfigurationList section */
	};
	rootObject = 39994D8D272255BC00593E5F /* Project object */;
}
